// !$*UTF8*$!
{
	archiveVersion = 1;
	classes = {
	};
	objectVersion = 50;
	objects = {

/* Begin PBXBuildFile section */
		9E5AB9F926960D8A00D1BAB5 /* AppDelegate.swift in Sources */ = {isa = PBXBuildFile; fileRef = 9E5AB9F826960D8A00D1BAB5 /* AppDelegate.swift */; };
		9E5AB9FB26960D8A00D1BAB5 /* SceneDelegate.swift in Sources */ = {isa = PBXBuildFile; fileRef = 9E5AB9FA26960D8A00D1BAB5 /* SceneDelegate.swift */; };
		9E5AB9FD26960D8A00D1BAB5 /* ViewController.swift in Sources */ = {isa = PBXBuildFile; fileRef = 9E5AB9FC26960D8A00D1BAB5 /* ViewController.swift */; };
		9E5ABA0026960D8A00D1BAB5 /* Main.storyboard in Resources */ = {isa = PBXBuildFile; fileRef = 9E5AB9FE26960D8A00D1BAB5 /* Main.storyboard */; };
		9E5ABA0226960D8D00D1BAB5 /* Assets.xcassets in Resources */ = {isa = PBXBuildFile; fileRef = 9E5ABA0126960D8D00D1BAB5 /* Assets.xcassets */; };
		9E5ABA0526960D8D00D1BAB5 /* LaunchScreen.storyboard in Resources */ = {isa = PBXBuildFile; fileRef = 9E5ABA0326960D8D00D1BAB5 /* LaunchScreen.storyboard */; };
		9E5ABA1026960D8E00D1BAB5 /* MindteckTests.swift in Sources */ = {isa = PBXBuildFile; fileRef = 9E5ABA0F26960D8E00D1BAB5 /* MindteckTests.swift */; };
		9E5ABA1B26960D8E00D1BAB5 /* MindteckUITests.swift in Sources */ = {isa = PBXBuildFile; fileRef = 9E5ABA1A26960D8E00D1BAB5 /* MindteckUITests.swift */; };
		9E5ABA3A26961C4400D1BAB5 /* ListCell.swift in Sources */ = {isa = PBXBuildFile; fileRef = 9E5ABA3826961C4400D1BAB5 /* ListCell.swift */; };
		9E5ABA3B26961C4400D1BAB5 /* ListCell.xib in Resources */ = {isa = PBXBuildFile; fileRef = 9E5ABA3926961C4400D1BAB5 /* ListCell.xib */; };
/* End PBXBuildFile section */

/* Begin PBXContainerItemProxy section */
		9E5ABA0C26960D8E00D1BAB5 /* PBXContainerItemProxy */ = {
			isa = PBXContainerItemProxy;
			containerPortal = 9E5AB9ED26960D8A00D1BAB5 /* Project object */;
			proxyType = 1;
			remoteGlobalIDString = 9E5AB9F426960D8A00D1BAB5;
			remoteInfo = Mindteck;
		};
		9E5ABA1726960D8E00D1BAB5 /* PBXContainerItemProxy */ = {
			isa = PBXContainerItemProxy;
			containerPortal = 9E5AB9ED26960D8A00D1BAB5 /* Project object */;
			proxyType = 1;
			remoteGlobalIDString = 9E5AB9F426960D8A00D1BAB5;
			remoteInfo = Mindteck;
		};
/* End PBXContainerItemProxy section */

/* Begin PBXFileReference section */
		9E5AB9F526960D8A00D1BAB5 /* Mindteck.app */ = {isa = PBXFileReference; explicitFileType = wrapper.application; includeInIndex = 0; path = Mindteck.app; sourceTree = BUILT_PRODUCTS_DIR; };
		9E5AB9F826960D8A00D1BAB5 /* AppDelegate.swift */ = {isa = PBXFileReference; lastKnownFileType = sourcecode.swift; path = AppDelegate.swift; sourceTree = "<group>"; };
		9E5AB9FA26960D8A00D1BAB5 /* SceneDelegate.swift */ = {isa = PBXFileReference; lastKnownFileType = sourcecode.swift; path = SceneDelegate.swift; sourceTree = "<group>"; };
		9E5AB9FC26960D8A00D1BAB5 /* ViewController.swift */ = {isa = PBXFileReference; lastKnownFileType = sourcecode.swift; path = ViewController.swift; sourceTree = "<group>"; };
		9E5AB9FF26960D8A00D1BAB5 /* Base */ = {isa = PBXFileReference; lastKnownFileType = file.storyboard; name = Base; path = Base.lproj/Main.storyboard; sourceTree = "<group>"; };
		9E5ABA0126960D8D00D1BAB5 /* Assets.xcassets */ = {isa = PBXFileReference; lastKnownFileType = folder.assetcatalog; path = Assets.xcassets; sourceTree = "<group>"; };
		9E5ABA0426960D8D00D1BAB5 /* Base */ = {isa = PBXFileReference; lastKnownFileType = file.storyboard; name = Base; path = Base.lproj/LaunchScreen.storyboard; sourceTree = "<group>"; };
		9E5ABA0626960D8D00D1BAB5 /* Info.plist */ = {isa = PBXFileReference; lastKnownFileType = text.plist.xml; path = Info.plist; sourceTree = "<group>"; };
		9E5ABA0B26960D8E00D1BAB5 /* MindteckTests.xctest */ = {isa = PBXFileReference; explicitFileType = wrapper.cfbundle; includeInIndex = 0; path = MindteckTests.xctest; sourceTree = BUILT_PRODUCTS_DIR; };
		9E5ABA0F26960D8E00D1BAB5 /* MindteckTests.swift */ = {isa = PBXFileReference; lastKnownFileType = sourcecode.swift; path = MindteckTests.swift; sourceTree = "<group>"; };
		9E5ABA1126960D8E00D1BAB5 /* Info.plist */ = {isa = PBXFileReference; lastKnownFileType = text.plist.xml; path = Info.plist; sourceTree = "<group>"; };
		9E5ABA1626960D8E00D1BAB5 /* MindteckUITests.xctest */ = {isa = PBXFileReference; explicitFileType = wrapper.cfbundle; includeInIndex = 0; path = MindteckUITests.xctest; sourceTree = BUILT_PRODUCTS_DIR; };
		9E5ABA1A26960D8E00D1BAB5 /* MindteckUITests.swift */ = {isa = PBXFileReference; lastKnownFileType = sourcecode.swift; path = MindteckUITests.swift; sourceTree = "<group>"; };
		9E5ABA1C26960D8E00D1BAB5 /* Info.plist */ = {isa = PBXFileReference; lastKnownFileType = text.plist.xml; path = Info.plist; sourceTree = "<group>"; };
		9E5ABA3826961C4400D1BAB5 /* ListCell.swift */ = {isa = PBXFileReference; lastKnownFileType = sourcecode.swift; path = ListCell.swift; sourceTree = "<group>"; };
		9E5ABA3926961C4400D1BAB5 /* ListCell.xib */ = {isa = PBXFileReference; lastKnownFileType = file.xib; path = ListCell.xib; sourceTree = "<group>"; };
/* End PBXFileReference section */

/* Begin PBXFrameworksBuildPhase section */
		9E5AB9F226960D8A00D1BAB5 /* Frameworks */ = {
			isa = PBXFrameworksBuildPhase;
			buildActionMask = 2147483647;
			files = (
			);
			runOnlyForDeploymentPostprocessing = 0;
		};
		9E5ABA0826960D8E00D1BAB5 /* Frameworks */ = {
			isa = PBXFrameworksBuildPhase;
			buildActionMask = 2147483647;
			files = (
			);
			runOnlyForDeploymentPostprocessing = 0;
		};
		9E5ABA1326960D8E00D1BAB5 /* Frameworks */ = {
			isa = PBXFrameworksBuildPhase;
			buildActionMask = 2147483647;
			files = (
			);
			runOnlyForDeploymentPostprocessing = 0;
		};
/* End PBXFrameworksBuildPhase section */

/* Begin PBXGroup section */
		9E5AB9EC26960D8A00D1BAB5 = {
			isa = PBXGroup;
			children = (
				9E5AB9F726960D8A00D1BAB5 /* Mindteck */,
				9E5ABA0E26960D8E00D1BAB5 /* MindteckTests */,
				9E5ABA1926960D8E00D1BAB5 /* MindteckUITests */,
				9E5AB9F626960D8A00D1BAB5 /* Products */,
			);
			sourceTree = "<group>";
		};
		9E5AB9F626960D8A00D1BAB5 /* Products */ = {
			isa = PBXGroup;
			children = (
				9E5AB9F526960D8A00D1BAB5 /* Mindteck.app */,
				9E5ABA0B26960D8E00D1BAB5 /* MindteckTests.xctest */,
				9E5ABA1626960D8E00D1BAB5 /* MindteckUITests.xctest */,
			);
			name = Products;
			sourceTree = "<group>";
		};
		9E5AB9F726960D8A00D1BAB5 /* Mindteck */ = {
			isa = PBXGroup;
			children = (
				9E5ABA3626961C0800D1BAB5 /* StoryBoard */,
				9E5ABA3526961BF600D1BAB5 /* AppDelegates */,
				9E5ABA3426961BDF00D1BAB5 /* ViewController */,
				9E5ABA0126960D8D00D1BAB5 /* Assets.xcassets */,
				9E5ABA0626960D8D00D1BAB5 /* Info.plist */,
			);
			path = Mindteck;
			sourceTree = "<group>";
		};
		9E5ABA0E26960D8E00D1BAB5 /* MindteckTests */ = {
			isa = PBXGroup;
			children = (
				9E5ABA0F26960D8E00D1BAB5 /* MindteckTests.swift */,
				9E5ABA1126960D8E00D1BAB5 /* Info.plist */,
			);
			path = MindteckTests;
			sourceTree = "<group>";
		};
		9E5ABA1926960D8E00D1BAB5 /* MindteckUITests */ = {
			isa = PBXGroup;
			children = (
				9E5ABA1A26960D8E00D1BAB5 /* MindteckUITests.swift */,
				9E5ABA1C26960D8E00D1BAB5 /* Info.plist */,
			);
			path = MindteckUITests;
			sourceTree = "<group>";
		};
		9E5ABA3426961BDF00D1BAB5 /* ViewController */ = {
			isa = PBXGroup;
			children = (
				9E5ABA3726961C2700D1BAB5 /* tableCell */,
				9E5AB9FC26960D8A00D1BAB5 /* ViewController.swift */,
			);
			path = ViewController;
			sourceTree = "<group>";
		};
		9E5ABA3526961BF600D1BAB5 /* AppDelegates */ = {
			isa = PBXGroup;
			children = (
				9E5AB9F826960D8A00D1BAB5 /* AppDelegate.swift */,
				9E5AB9FA26960D8A00D1BAB5 /* SceneDelegate.swift */,
			);
			path = AppDelegates;
			sourceTree = "<group>";
		};
		9E5ABA3626961C0800D1BAB5 /* StoryBoard */ = {
			isa = PBXGroup;
			children = (
				9E5ABA0326960D8D00D1BAB5 /* LaunchScreen.storyboard */,
				9E5AB9FE26960D8A00D1BAB5 /* Main.storyboard */,
			);
			path = StoryBoard;
			sourceTree = "<group>";
		};
		9E5ABA3726961C2700D1BAB5 /* tableCell */ = {
			isa = PBXGroup;
			children = (
				9E5ABA3826961C4400D1BAB5 /* ListCell.swift */,
				9E5ABA3926961C4400D1BAB5 /* ListCell.xib */,
			);
			path = tableCell;
			sourceTree = "<group>";
		};
/* End PBXGroup section */

/* Begin PBXNativeTarget section */
		9E5AB9F426960D8A00D1BAB5 /* Mindteck */ = {
			isa = PBXNativeTarget;
			buildConfigurationList = 9E5ABA1F26960D8E00D1BAB5 /* Build configuration list for PBXNativeTarget "Mindteck" */;
			buildPhases = (
				9E5AB9F126960D8A00D1BAB5 /* Sources */,
				9E5AB9F226960D8A00D1BAB5 /* Frameworks */,
				9E5AB9F326960D8A00D1BAB5 /* Resources */,
			);
			buildRules = (
			);
			dependencies = (
			);
			name = Mindteck;
			productName = Mindteck;
			productReference = 9E5AB9F526960D8A00D1BAB5 /* Mindteck.app */;
			productType = "com.apple.product-type.application";
		};
		9E5ABA0A26960D8E00D1BAB5 /* MindteckTests */ = {
			isa = PBXNativeTarget;
			buildConfigurationList = 9E5ABA2226960D8E00D1BAB5 /* Build configuration list for PBXNativeTarget "MindteckTests" */;
			buildPhases = (
				9E5ABA0726960D8E00D1BAB5 /* Sources */,
				9E5ABA0826960D8E00D1BAB5 /* Frameworks */,
				9E5ABA0926960D8E00D1BAB5 /* Resources */,
			);
			buildRules = (
			);
			dependencies = (
				9E5ABA0D26960D8E00D1BAB5 /* PBXTargetDependency */,
			);
			name = MindteckTests;
			productName = MindteckTests;
			productReference = 9E5ABA0B26960D8E00D1BAB5 /* MindteckTests.xctest */;
			productType = "com.apple.product-type.bundle.unit-test";
		};
		9E5ABA1526960D8E00D1BAB5 /* MindteckUITests */ = {
			isa = PBXNativeTarget;
			buildConfigurationList = 9E5ABA2526960D8E00D1BAB5 /* Build configuration list for PBXNativeTarget "MindteckUITests" */;
			buildPhases = (
				9E5ABA1226960D8E00D1BAB5 /* Sources */,
				9E5ABA1326960D8E00D1BAB5 /* Frameworks */,
				9E5ABA1426960D8E00D1BAB5 /* Resources */,
			);
			buildRules = (
			);
			dependencies = (
				9E5ABA1826960D8E00D1BAB5 /* PBXTargetDependency */,
			);
			name = MindteckUITests;
			productName = MindteckUITests;
			productReference = 9E5ABA1626960D8E00D1BAB5 /* MindteckUITests.xctest */;
			productType = "com.apple.product-type.bundle.ui-testing";
		};
/* End PBXNativeTarget section */

/* Begin PBXProject section */
		9E5AB9ED26960D8A00D1BAB5 /* Project object */ = {
			isa = PBXProject;
			attributes = {
				LastSwiftUpdateCheck = 1220;
				LastUpgradeCheck = 1220;
				TargetAttributes = {
					9E5AB9F426960D8A00D1BAB5 = {
						CreatedOnToolsVersion = 12.2;
					};
					9E5ABA0A26960D8E00D1BAB5 = {
						CreatedOnToolsVersion = 12.2;
						TestTargetID = 9E5AB9F426960D8A00D1BAB5;
					};
					9E5ABA1526960D8E00D1BAB5 = {
						CreatedOnToolsVersion = 12.2;
						TestTargetID = 9E5AB9F426960D8A00D1BAB5;
					};
				};
			};
			buildConfigurationList = 9E5AB9F026960D8A00D1BAB5 /* Build configuration list for PBXProject "Mindteck" */;
			compatibilityVersion = "Xcode 9.3";
			developmentRegion = en;
			hasScannedForEncodings = 0;
			knownRegions = (
				en,
				Base,
			);
			mainGroup = 9E5AB9EC26960D8A00D1BAB5;
			productRefGroup = 9E5AB9F626960D8A00D1BAB5 /* Products */;
			projectDirPath = "";
			projectRoot = "";
			targets = (
				9E5AB9F426960D8A00D1BAB5 /* Mindteck */,
				9E5ABA0A26960D8E00D1BAB5 /* MindteckTests */,
				9E5ABA1526960D8E00D1BAB5 /* MindteckUITests */,
			);
		};
/* End PBXProject section */

/* Begin PBXResourcesBuildPhase section */
		9E5AB9F326960D8A00D1BAB5 /* Resources */ = {
			isa = PBXResourcesBuildPhase;
			buildActionMask = 2147483647;
			files = (
				9E5ABA0526960D8D00D1BAB5 /* LaunchScreen.storyboard in Resources */,
				9E5ABA3B26961C4400D1BAB5 /* ListCell.xib in Resources */,
				9E5ABA0226960D8D00D1BAB5 /* Assets.xcassets in Resources */,
				9E5ABA0026960D8A00D1BAB5 /* Main.storyboard in Resources */,
			);
			runOnlyForDeploymentPostprocessing = 0;
		};
		9E5ABA0926960D8E00D1BAB5 /* Resources */ = {
			isa = PBXResourcesBuildPhase;
			buildActionMask = 2147483647;
			files = (
			);
			runOnlyForDeploymentPostprocessing = 0;
		};
		9E5ABA1426960D8E00D1BAB5 /* Resources */ = {
			isa = PBXResourcesBuildPhase;
			buildActionMask = 2147483647;
			files = (
			);
			runOnlyForDeploymentPostprocessing = 0;
		};
/* End PBXResourcesBuildPhase section */

/* Begin PBXSourcesBuildPhase section */
		9E5AB9F126960D8A00D1BAB5 /* Sources */ = {
			isa = PBXSourcesBuildPhase;
			buildActionMask = 2147483647;
			files = (
				9E5AB9FD26960D8A00D1BAB5 /* ViewController.swift in Sources */,
				9E5ABA3A26961C4400D1BAB5 /* ListCell.swift in Sources */,
				9E5AB9F926960D8A00D1BAB5 /* AppDelegate.swift in Sources */,
				9E5AB9FB26960D8A00D1BAB5 /* SceneDelegate.swift in Sources */,
			);
			runOnlyForDeploymentPostprocessing = 0;
		};
		9E5ABA0726960D8E00D1BAB5 /* Sources */ = {
			isa = PBXSourcesBuildPhase;
			buildActionMask = 2147483647;
			files = (
				9E5ABA1026960D8E00D1BAB5 /* MindteckTests.swift in Sources */,
			);
			runOnlyForDeploymentPostprocessing = 0;
		};
		9E5ABA1226960D8E00D1BAB5 /* Sources */ = {
			isa = PBXSourcesBuildPhase;
			buildActionMask = 2147483647;
			files = (
				9E5ABA1B26960D8E00D1BAB5 /* MindteckUITests.swift in Sources */,
			);
			runOnlyForDeploymentPostprocessing = 0;
		};
/* End PBXSourcesBuildPhase section */

/* Begin PBXTargetDependency section */
		9E5ABA0D26960D8E00D1BAB5 /* PBXTargetDependency */ = {
			isa = PBXTargetDependency;
			target = 9E5AB9F426960D8A00D1BAB5 /* Mindteck */;
			targetProxy = 9E5ABA0C26960D8E00D1BAB5 /* PBXContainerItemProxy */;
		};
		9E5ABA1826960D8E00D1BAB5 /* PBXTargetDependency */ = {
			isa = PBXTargetDependency;
			target = 9E5AB9F426960D8A00D1BAB5 /* Mindteck */;
			targetProxy = 9E5ABA1726960D8E00D1BAB5 /* PBXContainerItemProxy */;
		};
/* End PBXTargetDependency section */

/* Begin PBXVariantGroup section */
		9E5AB9FE26960D8A00D1BAB5 /* Main.storyboard */ = {
			isa = PBXVariantGroup;
			children = (
				9E5AB9FF26960D8A00D1BAB5 /* Base */,
			);
			name = Main.storyboard;
			sourceTree = "<group>";
		};
		9E5ABA0326960D8D00D1BAB5 /* LaunchScreen.storyboard */ = {
			isa = PBXVariantGroup;
			children = (
				9E5ABA0426960D8D00D1BAB5 /* Base */,
			);
			name = LaunchScreen.storyboard;
			sourceTree = "<group>";
		};
/* End PBXVariantGroup section */

/* Begin XCBuildConfiguration section */
		9E5ABA1D26960D8E00D1BAB5 /* Debug */ = {
			isa = XCBuildConfiguration;
			buildSettings = {
				ALWAYS_SEARCH_USER_PATHS = NO;
				CLANG_ANALYZER_NONNULL = YES;
				CLANG_ANALYZER_NUMBER_OBJECT_CONVERSION = YES_AGGRESSIVE;
				CLANG_CXX_LANGUAGE_STANDARD = "gnu++14";
				CLANG_CXX_LIBRARY = "libc++";
				CLANG_ENABLE_MODULES = YES;
				CLANG_ENABLE_OBJC_ARC = YES;
				CLANG_ENABLE_OBJC_WEAK = YES;
				CLANG_WARN_BLOCK_CAPTURE_AUTORELEASING = YES;
				CLANG_WARN_BOOL_CONVERSION = YES;
				CLANG_WARN_COMMA = YES;
				CLANG_WARN_CONSTANT_CONVERSION = YES;
				CLANG_WARN_DEPRECATED_OBJC_IMPLEMENTATIONS = YES;
				CLANG_WARN_DIRECT_OBJC_ISA_USAGE = YES_ERROR;
				CLANG_WARN_DOCUMENTATION_COMMENTS = YES;
				CLANG_WARN_EMPTY_BODY = YES;
				CLANG_WARN_ENUM_CONVERSION = YES;
				CLANG_WARN_INFINITE_RECURSION = YES;
				CLANG_WARN_INT_CONVERSION = YES;
				CLANG_WARN_NON_LITERAL_NULL_CONVERSION = YES;
				CLANG_WARN_OBJC_IMPLICIT_RETAIN_SELF = YES;
				CLANG_WARN_OBJC_LITERAL_CONVERSION = YES;
				CLANG_WARN_OBJC_ROOT_CLASS = YES_ERROR;
				CLANG_WARN_QUOTED_INCLUDE_IN_FRAMEWORK_HEADER = YES;
				CLANG_WARN_RANGE_LOOP_ANALYSIS = YES;
				CLANG_WARN_STRICT_PROTOTYPES = YES;
				CLANG_WARN_SUSPICIOUS_MOVE = YES;
				CLANG_WARN_UNGUARDED_AVAILABILITY = YES_AGGRESSIVE;
				CLANG_WARN_UNREACHABLE_CODE = YES;
				CLANG_WARN__DUPLICATE_METHOD_MATCH = YES;
				COPY_PHASE_STRIP = NO;
				DEBUG_INFORMATION_FORMAT = dwarf;
				ENABLE_STRICT_OBJC_MSGSEND = YES;
				ENABLE_TESTABILITY = YES;
				GCC_C_LANGUAGE_STANDARD = gnu11;
				GCC_DYNAMIC_NO_PIC = NO;
				GCC_NO_COMMON_BLOCKS = YES;
				GCC_OPTIMIZATION_LEVEL = 0;
				GCC_PREPROCESSOR_DEFINITIONS = (
					"DEBUG=1",
					"$(inherited)",
				);
				GCC_WARN_64_TO_32_BIT_CONVERSION = YES;
				GCC_WARN_ABOUT_RETURN_TYPE = YES_ERROR;
				GCC_WARN_UNDECLARED_SELECTOR = YES;
				GCC_WARN_UNINITIALIZED_AUTOS = YES_AGGRESSIVE;
				GCC_WARN_UNUSED_FUNCTION = YES;
				GCC_WARN_UNUSED_VARIABLE = YES;
				IPHONEOS_DEPLOYMENT_TARGET = 14.2;
				MTL_ENABLE_DEBUG_INFO = INCLUDE_SOURCE;
				MTL_FAST_MATH = YES;
				ONLY_ACTIVE_ARCH = YES;
				SDKROOT = iphoneos;
				SWIFT_ACTIVE_COMPILATION_CONDITIONS = DEBUG;
				SWIFT_OPTIMIZATION_LEVEL = "-Onone";
			};
			name = Debug;
		};
		9E5ABA1E26960D8E00D1BAB5 /* Release */ = {
			isa = XCBuildConfiguration;
			buildSettings = {
				ALWAYS_SEARCH_USER_PATHS = NO;
				CLANG_ANALYZER_NONNULL = YES;
				CLANG_ANALYZER_NUMBER_OBJECT_CONVERSION = YES_AGGRESSIVE;
				CLANG_CXX_LANGUAGE_STANDARD = "gnu++14";
				CLANG_CXX_LIBRARY = "libc++";
				CLANG_ENABLE_MODULES = YES;
				CLANG_ENABLE_OBJC_ARC = YES;
				CLANG_ENABLE_OBJC_WEAK = YES;
				CLANG_WARN_BLOCK_CAPTURE_AUTORELEASING = YES;
				CLANG_WARN_BOOL_CONVERSION = YES;
				CLANG_WARN_COMMA = YES;
				CLANG_WARN_CONSTANT_CONVERSION = YES;
				CLANG_WARN_DEPRECATED_OBJC_IMPLEMENTATIONS = YES;
				CLANG_WARN_DIRECT_OBJC_ISA_USAGE = YES_ERROR;
				CLANG_WARN_DOCUMENTATION_COMMENTS = YES;
				CLANG_WARN_EMPTY_BODY = YES;
				CLANG_WARN_ENUM_CONVERSION = YES;
				CLANG_WARN_INFINITE_RECURSION = YES;
				CLANG_WARN_INT_CONVERSION = YES;
				CLANG_WARN_NON_LITERAL_NULL_CONVERSION = YES;
				CLANG_WARN_OBJC_IMPLICIT_RETAIN_SELF = YES;
				CLANG_WARN_OBJC_LITERAL_CONVERSION = YES;
				CLANG_WARN_OBJC_ROOT_CLASS = YES_ERROR;
				CLANG_WARN_QUOTED_INCLUDE_IN_FRAMEWORK_HEADER = YES;
				CLANG_WARN_RANGE_LOOP_ANALYSIS = YES;
				CLANG_WARN_STRICT_PROTOTYPES = YES;
				CLANG_WARN_SUSPICIOUS_MOVE = YES;
				CLANG_WARN_UNGUARDED_AVAILABILITY = YES_AGGRESSIVE;
				CLANG_WARN_UNREACHABLE_CODE = YES;
				CLANG_WARN__DUPLICATE_METHOD_MATCH = YES;
				COPY_PHASE_STRIP = NO;
				DEBUG_INFORMATION_FORMAT = "dwarf-with-dsym";
				ENABLE_NS_ASSERTIONS = NO;
				ENABLE_STRICT_OBJC_MSGSEND = YES;
				GCC_C_LANGUAGE_STANDARD = gnu11;
				GCC_NO_COMMON_BLOCKS = YES;
				GCC_WARN_64_TO_32_BIT_CONVERSION = YES;
				GCC_WARN_ABOUT_RETURN_TYPE = YES_ERROR;
				GCC_WARN_UNDECLARED_SELECTOR = YES;
				GCC_WARN_UNINITIALIZED_AUTOS = YES_AGGRESSIVE;
				GCC_WARN_UNUSED_FUNCTION = YES;
				GCC_WARN_UNUSED_VARIABLE = YES;
				IPHONEOS_DEPLOYMENT_TARGET = 14.2;
				MTL_ENABLE_DEBUG_INFO = NO;
				MTL_FAST_MATH = YES;
				SDKROOT = iphoneos;
				SWIFT_COMPILATION_MODE = wholemodule;
				SWIFT_OPTIMIZATION_LEVEL = "-O";
				VALIDATE_PRODUCT = YES;
			};
			name = Release;
		};
		9E5ABA2026960D8E00D1BAB5 /* Debug */ = {
			isa = XCBuildConfiguration;
			buildSettings = {
				ASSETCATALOG_COMPILER_APPICON_NAME = AppIcon;
				ASSETCATALOG_COMPILER_GLOBAL_ACCENT_COLOR_NAME = AccentColor;
				CODE_SIGN_STYLE = Automatic;
				INFOPLIST_FILE = Mindteck/Info.plist;
				IPHONEOS_DEPLOYMENT_TARGET = 13.0;
				LD_RUNPATH_SEARCH_PATHS = (
					"$(inherited)",
					"@executable_path/Frameworks",
				);
				PRODUCT_BUNDLE_IDENTIFIER = com.Mindteck.Mindteck;
				PRODUCT_NAME = "$(TARGET_NAME)";
				SWIFT_VERSION = 5.0;
				TARGETED_DEVICE_FAMILY = 1;
			};
			name = Debug;
		};
		9E5ABA2126960D8E00D1BAB5 /* Release */ = {
			isa = XCBuildConfiguration;
			buildSettings = {
				ASSETCATALOG_COMPILER_APPICON_NAME = AppIcon;
				ASSETCATALOG_COMPILER_GLOBAL_ACCENT_COLOR_NAME = AccentColor;
				CODE_SIGN_STYLE = Automatic;
				INFOPLIST_FILE = Mindteck/Info.plist;
				IPHONEOS_DEPLOYMENT_TARGET = 13.0;
				LD_RUNPATH_SEARCH_PATHS = (
					"$(inherited)",
					"@executable_path/Frameworks",
				);
				PRODUCT_BUNDLE_IDENTIFIER = com.Mindteck.Mindteck;
				PRODUCT_NAME = "$(TARGET_NAME)";
				SWIFT_VERSION = 5.0;
				TARGETED_DEVICE_FAMILY = 1;
			};
			name = Release;
		};
		9E5ABA2326960D8E00D1BAB5 /* Debug */ = {
			isa = XCBuildConfiguration;
			buildSettings = {
				ALWAYS_EMBED_SWIFT_STANDARD_LIBRARIES = YES;
				BUNDLE_LOADER = "$(TEST_HOST)";
				CODE_SIGN_STYLE = Automatic;
				INFOPLIST_FILE = MindteckTests/Info.plist;
				IPHONEOS_DEPLOYMENT_TARGET = 14.2;
				LD_RUNPATH_SEARCH_PATHS = (
					"$(inherited)",
					"@executable_path/Frameworks",
					"@loader_path/Frameworks",
				);
				PRODUCT_BUNDLE_IDENTIFIER = com.Mindteck.MindteckTests;
				PRODUCT_NAME = "$(TARGET_NAME)";
				SWIFT_VERSION = 5.0;
				TARGETED_DEVICE_FAMILY = "1,2";
				TEST_HOST = "$(BUILT_PRODUCTS_DIR)/Mindteck.app/Mindteck";
			};
			name = Debug;
		};
		9E5ABA2426960D8E00D1BAB5 /* Release */ = {
			isa = XCBuildConfiguration;
			buildSettings = {
				ALWAYS_EMBED_SWIFT_STANDARD_LIBRARIES = YES;
				BUNDLE_LOADER = "$(TEST_HOST)";
				CODE_SIGN_STYLE = Automatic;
				INFOPLIST_FILE = MindteckTests/Info.plist;
				IPHONEOS_DEPLOYMENT_TARGET = 14.2;
				LD_RUNPATH_SEARCH_PATHS = (
					"$(inherited)",
					"@executable_path/Frameworks",
					"@loader_path/Frameworks",
				);
				PRODUCT_BUNDLE_IDENTIFIER = com.Mindteck.MindteckTests;
				PRODUCT_NAME = "$(TARGET_NAME)";
				SWIFT_VERSION = 5.0;
				TARGETED_DEVICE_FAMILY = "1,2";
				TEST_HOST = "$(BUILT_PRODUCTS_DIR)/Mindteck.app/Mindteck";
			};
			name = Release;
		};
		9E5ABA2626960D8E00D1BAB5 /* Debug */ = {
			isa = XCBuildConfiguration;
			buildSettings = {
				ALWAYS_EMBED_SWIFT_STANDARD_LIBRARIES = YES;
				CODE_SIGN_STYLE = Automatic;
				INFOPLIST_FILE = MindteckUITests/Info.plist;
				LD_RUNPATH_SEARCH_PATHS = (
					"$(inherited)",
					"@executable_path/Frameworks",
					"@loader_path/Frameworks",
				);
				PRODUCT_BUNDLE_IDENTIFIER = com.Mindteck.MindteckUITests;
				PRODUCT_NAME = "$(TARGET_NAME)";
				SWIFT_VERSION = 5.0;
				TARGETED_DEVICE_FAMILY = "1,2";
				TEST_TARGET_NAME = Mindteck;
			};
			name = Debug;
		};
		9E5ABA2726960D8E00D1BAB5 /* Release */ = {
			isa = XCBuildConfiguration;
			buildSettings = {
				ALWAYS_EMBED_SWIFT_STANDARD_LIBRARIES = YES;
				CODE_SIGN_STYLE = Automatic;
				INFOPLIST_FILE = MindteckUITests/Info.plist;
				LD_RUNPATH_SEARCH_PATHS = (
					"$(inherited)",
					"@executable_path/Frameworks",
					"@loader_path/Frameworks",
				);
				PRODUCT_BUNDLE_IDENTIFIER = com.Mindteck.MindteckUITests;
				PRODUCT_NAME = "$(TARGET_NAME)";
				SWIFT_VERSION = 5.0;
				TARGETED_DEVICE_FAMILY = "1,2";
				TEST_TARGET_NAME = Mindteck;
			};
			name = Release;
		};
/* End XCBuildConfiguration section */

/* Begin XCConfigurationList section */
		9E5AB9F026960D8A00D1BAB5 /* Build configuration list for PBXProject "Mindteck" */ = {
			isa = XCConfigurationList;
			buildConfigurations = (
				9E5ABA1D26960D8E00D1BAB5 /* Debug */,
				9E5ABA1E26960D8E00D1BAB5 /* Release */,
			);
			defaultConfigurationIsVisible = 0;
			defaultConfigurationName = Release;
		};
		9E5ABA1F26960D8E00D1BAB5 /* Build configuration list for PBXNativeTarget "Mindteck" */ = {
			isa = XCConfigurationList;
			buildConfigurations = (
				9E5ABA2026960D8E00D1BAB5 /* Debug */,
				9E5ABA2126960D8E00D1BAB5 /* Release */,
			);
			defaultConfigurationIsVisible = 0;
			defaultConfigurationName = Release;
		};
		9E5ABA2226960D8E00D1BAB5 /* Build configuration list for PBXNativeTarget "MindteckTests" */ = {
			isa = XCConfigurationList;
			buildConfigurations = (
				9E5ABA2326960D8E00D1BAB5 /* Debug */,
				9E5ABA2426960D8E00D1BAB5 /* Release */,
			);
			defaultConfigurationIsVisible = 0;
			defaultConfigurationName = Release;
		};
		9E5ABA2526960D8E00D1BAB5 /* Build configuration list for PBXNativeTarget "MindteckUITests" */ = {
			isa = XCConfigurationList;
			buildConfigurations = (
				9E5ABA2626960D8E00D1BAB5 /* Debug */,
				9E5ABA2726960D8E00D1BAB5 /* Release */,
			);
			defaultConfigurationIsVisible = 0;
			defaultConfigurationName = Release;
		};
/* End XCConfigurationList section */
	};
	rootObject = 9E5AB9ED26960D8A00D1BAB5 /* Project object */;
}
